// !$*UTF8*$!
{
	archiveVersion = 1;
	classes = {
	};
	objectVersion = 46;
	objects = {

/* Begin PBXBuildFile section */
		7C8E938917731FFD00D99B37 /* UIKit.framework in Frameworks */ = {isa = PBXBuildFile; fileRef = 7C8E938817731FFD00D99B37 /* UIKit.framework */; };
		7C8E938B17731FFD00D99B37 /* Foundation.framework in Frameworks */ = {isa = PBXBuildFile; fileRef = 7C8E938A17731FFD00D99B37 /* Foundation.framework */; };
		7C8E938D17731FFD00D99B37 /* CoreGraphics.framework in Frameworks */ = {isa = PBXBuildFile; fileRef = 7C8E938C17731FFD00D99B37 /* CoreGraphics.framework */; };
		7C8E939317731FFD00D99B37 /* InfoPlist.strings in Resources */ = {isa = PBXBuildFile; fileRef = 7C8E939117731FFD00D99B37 /* InfoPlist.strings */; };
		7C8E939517731FFD00D99B37 /* main.m in Sources */ = {isa = PBXBuildFile; fileRef = 7C8E939417731FFD00D99B37 /* main.m */; };
		7C8E939917731FFD00D99B37 /* AppDelegate.m in Sources */ = {isa = PBXBuildFile; fileRef = 7C8E939817731FFD00D99B37 /* AppDelegate.m */; };
		7C8E939B17731FFD00D99B37 /* Default.png in Resources */ = {isa = PBXBuildFile; fileRef = 7C8E939A17731FFD00D99B37 /* Default.png */; };
		7C8E939D17731FFD00D99B37 /* Default@2x.png in Resources */ = {isa = PBXBuildFile; fileRef = 7C8E939C17731FFD00D99B37 /* Default@2x.png */; };
		7C8E939F17731FFD00D99B37 /* Default-568h@2x.png in Resources */ = {isa = PBXBuildFile; fileRef = 7C8E939E17731FFD00D99B37 /* Default-568h@2x.png */; };
/* End PBXBuildFile section */

/* Begin PBXFileReference section */
		7C8E938517731FFD00D99B37 /* uih.app */ = {isa = PBXFileReference; explicitFileType = wrapper.application; includeInIndex = 0; path = uih.app; sourceTree = BUILT_PRODUCTS_DIR; };
		7C8E938817731FFD00D99B37 /* UIKit.framework */ = {isa = PBXFileReference; lastKnownFileType = wrapper.framework; name = UIKit.framework; path = System/Library/Frameworks/UIKit.framework; sourceTree = SDKROOT; };
		7C8E938A17731FFD00D99B37 /* Foundation.framework */ = {isa = PBXFileReference; lastKnownFileType = wrapper.framework; name = Foundation.framework; path = System/Library/Frameworks/Foundation.framework; sourceTree = SDKROOT; };
		7C8E938C17731FFD00D99B37 /* CoreGraphics.framework */ = {isa = PBXFileReference; lastKnownFileType = wrapper.framework; name = CoreGraphics.framework; path = System/Library/Frameworks/CoreGraphics.framework; sourceTree = SDKROOT; };
		7C8E939017731FFD00D99B37 /* uih-Info.plist */ = {isa = PBXFileReference; lastKnownFileType = text.plist.xml; path = "uih-Info.plist"; sourceTree = "<group>"; };
		7C8E939217731FFD00D99B37 /* en */ = {isa = PBXFileReference; lastKnownFileType = text.plist.strings; name = en; path = en.lproj/InfoPlist.strings; sourceTree = "<group>"; };
		7C8E939417731FFD00D99B37 /* main.m */ = {isa = PBXFileReference; lastKnownFileType = sourcecode.c.objc; path = main.m; sourceTree = "<group>"; };
		7C8E939617731FFD00D99B37 /* uih-Prefix.pch */ = {isa = PBXFileReference; lastKnownFileType = sourcecode.c.h; path = "uih-Prefix.pch"; sourceTree = "<group>"; };
		7C8E939717731FFD00D99B37 /* AppDelegate.h */ = {isa = PBXFileReference; lastKnownFileType = sourcecode.c.h; path = AppDelegate.h; sourceTree = "<group>"; };
		7C8E939817731FFD00D99B37 /* AppDelegate.m */ = {isa = PBXFileReference; lastKnownFileType = sourcecode.c.objc; path = AppDelegate.m; sourceTree = "<group>"; };
		7C8E939A17731FFD00D99B37 /* Default.png */ = {isa = PBXFileReference; lastKnownFileType = image.png; path = Default.png; sourceTree = "<group>"; };
		7C8E939C17731FFD00D99B37 /* Default@2x.png */ = {isa = PBXFileReference; lastKnownFileType = image.png; path = "Default@2x.png"; sourceTree = "<group>"; };
		7C8E939E17731FFD00D99B37 /* Default-568h@2x.png */ = {isa = PBXFileReference; lastKnownFileType = image.png; path = "Default-568h@2x.png"; sourceTree = "<group>"; };
/* End PBXFileReference section */

/* Begin PBXFrameworksBuildPhase section */
		7C8E938217731FFD00D99B37 /* Frameworks */ = {
			isa = PBXFrameworksBuildPhase;
			buildActionMask = 2147483647;
			files = (
				7C8E938917731FFD00D99B37 /* UIKit.framework in Frameworks */,
				7C8E938B17731FFD00D99B37 /* Foundation.framework in Frameworks */,
				7C8E938D17731FFD00D99B37 /* CoreGraphics.framework in Frameworks */,
			);
			runOnlyForDeploymentPostprocessing = 0;
		};
/* End PBXFrameworksBuildPhase section */

/* Begin PBXGroup section */
		7C8E937C17731FFC00D99B37 = {
			isa = PBXGroup;
			children = (
				7C8E938E17731FFD00D99B37 /* uih */,
				7C8E938717731FFD00D99B37 /* Frameworks */,
				7C8E938617731FFD00D99B37 /* Products */,
			);
			sourceTree = "<group>";
		};
		7C8E938617731FFD00D99B37 /* Products */ = {
			isa = PBXGroup;
			children = (
				7C8E938517731FFD00D99B37 /* uih.app */,
			);
			name = Products;
			sourceTree = "<group>";
		};
		7C8E938717731FFD00D99B37 /* Frameworks */ = {
			isa = PBXGroup;
			children = (
				7C8E938817731FFD00D99B37 /* UIKit.framework */,
				7C8E938A17731FFD00D99B37 /* Foundation.framework */,
				7C8E938C17731FFD00D99B37 /* CoreGraphics.framework */,
			);
			name = Frameworks;
			sourceTree = "<group>";
		};
		7C8E938E17731FFD00D99B37 /* uih */ = {
			isa = PBXGroup;
			children = (
				7C8E939717731FFD00D99B37 /* AppDelegate.h */,
				7C8E939817731FFD00D99B37 /* AppDelegate.m */,
				7C8E938F17731FFD00D99B37 /* Supporting Files */,
			);
			path = uih;
			sourceTree = "<group>";
		};
		7C8E938F17731FFD00D99B37 /* Supporting Files */ = {
			isa = PBXGroup;
			children = (
				7C8E939017731FFD00D99B37 /* uih-Info.plist */,
				7C8E939117731FFD00D99B37 /* InfoPlist.strings */,
				7C8E939417731FFD00D99B37 /* main.m */,
				7C8E939617731FFD00D99B37 /* uih-Prefix.pch */,
				7C8E939A17731FFD00D99B37 /* Default.png */,
				7C8E939C17731FFD00D99B37 /* Default@2x.png */,
				7C8E939E17731FFD00D99B37 /* Default-568h@2x.png */,
			);
			name = "Supporting Files";
			sourceTree = "<group>";
		};
/* End PBXGroup section */

/* Begin PBXNativeTarget section */
		7C8E938417731FFD00D99B37 /* uih */ = {
			isa = PBXNativeTarget;
			buildConfigurationList = 7C8E93A817731FFD00D99B37 /* Build configuration list for PBXNativeTarget "uih" */;
			buildPhases = (
				7C8E938117731FFD00D99B37 /* Sources */,
				7C8E938217731FFD00D99B37 /* Frameworks */,
				7C8E938317731FFD00D99B37 /* Resources */,
			);
			buildRules = (
			);
			dependencies = (
			);
			name = uih;
			productName = uih;
			productReference = 7C8E938517731FFD00D99B37 /* uih.app */;
			productType = "com.apple.product-type.application";
		};
/* End PBXNativeTarget section */

/* Begin PBXProject section */
		7C8E937D17731FFD00D99B37 /* Project object */ = {
			isa = PBXProject;
			attributes = {
				LastUpgradeCheck = 0460;
				ORGANIZATIONNAME = "才国";
			};
			buildConfigurationList = 7C8E938017731FFD00D99B37 /* Build configuration list for PBXProject "uih" */;
			compatibilityVersion = "Xcode 3.2";
			developmentRegion = English;
			hasScannedForEncodings = 0;
			knownRegions = (
				en,
			);
			mainGroup = 7C8E937C17731FFC00D99B37;
			productRefGroup = 7C8E938617731FFD00D99B37 /* Products */;
			projectDirPath = "";
			projectRoot = "";
			targets = (
				7C8E938417731FFD00D99B37 /* uih */,
			);
		};
/* End PBXProject section */

/* Begin PBXResourcesBuildPhase section */
		7C8E938317731FFD00D99B37 /* Resources */ = {
			isa = PBXResourcesBuildPhase;
			buildActionMask = 2147483647;
			files = (
				7C8E939317731FFD00D99B37 /* InfoPlist.strings in Resources */,
				7C8E939B17731FFD00D99B37 /* Default.png in Resources */,
				7C8E939D17731FFD00D99B37 /* Default@2x.png in Resources */,
				7C8E939F17731FFD00D99B37 /* Default-568h@2x.png in Resources */,
			);
			runOnlyForDeploymentPostprocessing = 0;
		};
/* End PBXResourcesBuildPhase section */

/* Begin PBXSourcesBuildPhase section */
		7C8E938117731FFD00D99B37 /* Sources */ = {
			isa = PBXSourcesBuildPhase;
			buildActionMask = 2147483647;
			files = (
				7C8E939517731FFD00D99B37 /* main.m in Sources */,
				7C8E939917731FFD00D99B37 /* AppDelegate.m in Sources */,
			);
			runOnlyForDeploymentPostprocessing = 0;
		};
/* End PBXSourcesBuildPhase section */

/* Begin PBXVariantGroup section */
		7C8E939117731FFD00D99B37 /* InfoPlist.strings */ = {
			isa = PBXVariantGroup;
			children = (
				7C8E939217731FFD00D99B37 /* en */,
			);
			name = InfoPlist.strings;
			sourceTree = "<group>";
		};
/* End PBXVariantGroup section */

/* Begin XCBuildConfiguration section */
		7C8E93A617731FFD00D99B37 /* Debug */ = {
			isa = XCBuildConfiguration;
			buildSettings = {
				ALWAYS_SEARCH_USER_PATHS = NO;
				CLANG_CXX_LANGUAGE_STANDARD = "gnu++0x";
				CLANG_CXX_LIBRARY = "libc++";
				CLANG_ENABLE_OBJC_ARC = YES;
				CLANG_WARN_CONSTANT_CONVERSION = YES;
				CLANG_WARN_EMPTY_BODY = YES;
				CLANG_WARN_ENUM_CONVERSION = YES;
				CLANG_WARN_INT_CONVERSION = YES;
				CLANG_WARN__DUPLICATE_METHOD_MATCH = YES;
				"CODE_SIGN_IDENTITY[sdk=iphoneos*]" = "iPhone Developer";
				COPY_PHASE_STRIP = NO;
				GCC_C_LANGUAGE_STANDARD = gnu99;
				GCC_DYNAMIC_NO_PIC = NO;
				GCC_OPTIMIZATION_LEVEL = 0;
				GCC_PREPROCESSOR_DEFINITIONS = (
					"DEBUG=1",
					"$(inherited)",
				);
				GCC_SYMBOLS_PRIVATE_EXTERN = NO;
				GCC_WARN_ABOUT_RETURN_TYPE = YES;
				GCC_WARN_UNINITIALIZED_AUTOS = YES;
				GCC_WARN_UNUSED_VARIABLE = YES;
				IPHONEOS_DEPLOYMENT_TARGET = 6.1;
				ONLY_ACTIVE_ARCH = YES;
				SDKROOT = iphoneos;
			};
			name = Debug;
		};
		7C8E93A717731FFD00D99B37 /* Release */ = {
			isa = XCBuildConfiguration;
			buildSettings = {
				ALWAYS_SEARCH_USER_PATHS = NO;
				CLANG_CXX_LANGUAGE_STANDARD = "gnu++0x";
				CLANG_CXX_LIBRARY = "libc++";
				CLANG_ENABLE_OBJC_ARC = YES;
				CLANG_WARN_CONSTANT_CONVERSION = YES;
				CLANG_WARN_EMPTY_BODY = YES;
				CLANG_WARN_ENUM_CONVERSION = YES;
				CLANG_WARN_INT_CONVERSION = YES;
				CLANG_WARN__DUPLICATE_METHOD_MATCH = YES;
				"CODE_SIGN_IDENTITY[sdk=iphoneos*]" = "iPhone Developer";
				COPY_PHASE_STRIP = YES;
				GCC_C_LANGUAGE_STANDARD = gnu99;
				GCC_WARN_ABOUT_RETURN_TYPE = YES;
				GCC_WARN_UNINITIALIZED_AUTOS = YES;
				GCC_WARN_UNUSED_VARIABLE = YES;
				IPHONEOS_DEPLOYMENT_TARGET = 6.1;
				OTHER_CFLAGS = "-DNS_BLOCK_ASSERTIONS=1";
				SDKROOT = iphoneos;
				VALIDATE_PRODUCT = YES;
			};
			name = Release;
		};
		7C8E93A917731FFD00D99B37 /* Debug */ = {
			isa = XCBuildConfiguration;
			buildSettings = {
				GCC_PRECOMPILE_PREFIX_HEADER = YES;
				GCC_PREFIX_HEADER = "uih/uih-Prefix.pch";
				INFOPLIST_FILE = "uih/uih-Info.plist";
				PRODUCT_NAME = "$(TARGET_NAME)";
				WRAPPER_EXTENSION = app;
			};
			name = Debug;
		};
		7C8E93AA17731FFD00D99B37 /* Release */ = {
			isa = XCBuildConfiguration;
			buildSettings = {
				GCC_PRECOMPILE_PREFIX_HEADER = YES;
				GCC_PREFIX_HEADER = "uih/uih-Prefix.pch";
				INFOPLIST_FILE = "uih/uih-Info.plist";
				PRODUCT_NAME = "$(TARGET_NAME)";
				WRAPPER_EXTENSION = app;
			};
			name = Release;
		};
/* End XCBuildConfiguration section */

/* Begin XCConfigurationList section */
		7C8E938017731FFD00D99B37 /* Build configuration list for PBXProject "uih" */ = {
			isa = XCConfigurationList;
			buildConfigurations = (
				7C8E93A617731FFD00D99B37 /* Debug */,
				7C8E93A717731FFD00D99B37 /* Release */,
			);
			defaultConfigurationIsVisible = 0;
			defaultConfigurationName = Release;
		};
		7C8E93A817731FFD00D99B37 /* Build configuration list for PBXNativeTarget "uih" */ = {
			isa = XCConfigurationList;
			buildConfigurations = (
				7C8E93A917731FFD00D99B37 /* Debug */,
				7C8E93AA17731FFD00D99B37 /* Release */,
			);
			defaultConfigurationIsVisible = 0;
			defaultConfigurationName = Release;
		};
/* End XCConfigurationList section */
	};
	rootObject = 7C8E937D17731FFD00D99B37 /* Project object */;
}
